
Microsoft Visual Studio Solution File, Format Version 12.00
# Visual Studio Version 16
VisualStudioVersion = 16.0.30804.86
MinimumVisualStudioVersion = 10.0.40219.1
Project("{FAE04EC0-301F-11D3-BF4B-00C04F79EFBC}") = "Finch Project FINAL", "Finch Project FINAL\Finch Project FINAL.csproj", "{993A86FD-324D-4A1A-8846-186E874DE922}"
EndProject
Global
	GlobalSection(SolutionConfigurationPlatforms) = preSolution
		Debug|Any CPU = Debug|Any CPU
		Release|Any CPU = Release|Any CPU
	EndGlobalSection
	GlobalSection(ProjectConfigurationPlatforms) = postSolution
		{993A86FD-324D-4A1A-8846-186E874DE922}.Debug|Any CPU.ActiveCfg = Debug|Any CPU
		{993A86FD-324D-4A1A-8846-186E874DE922}.Debug|Any CPU.Build.0 = Debug|Any CPU
		{993A86FD-324D-4A1A-8846-186E874DE922}.Release|Any CPU.ActiveCfg = Release|Any CPU
		{993A86FD-324D-4A1A-8846-186E874DE922}.Release|Any CPU.Build.0 = Release|Any CPU
	EndGlobalSection
	GlobalSection(SolutionProperties) = preSolution
		HideSolutionNode = FALSE
	EndGlobalSection
	GlobalSection(ExtensibilityGlobals) = postSolution
		SolutionGuid = {D3544CE4-7B18-4997-9285-975FBB7A085F}
	EndGlobalSection
EndGlobal
